
Microsoft Visual Studio Solution File, Format Version 10.00
# Visual Studio 2008
Project("{8BC9CEB8-8B4A-11D0-8D11-00A0C91BC942}") = "ADACtrl", "..\App\Dll\ADACtrl\ADACtrl_ITM.vcproj", "{E369E585-13EF-4B6F-9D75-381A920FCE56}"
	ProjectSection(ProjectDependencies) = postProject
		{852FAD76-BA81-43E5-824B-8DB90B76DE5E} = {852FAD76-BA81-43E5-824B-8DB90B76DE5E}
		{A3A52FCF-7D6A-4A81-ADB9-215C2C2A172C} = {A3A52FCF-7D6A-4A81-ADB9-215C2C2A172C}
	EndProjectSection
EndProject
Project("{8BC9CEB8-8B4A-11D0-8D11-00A0C91BC942}") = "CmnLib", "..\App\Dll\CmnLib\CmnLib_ITM.vcproj", "{A3A52FCF-7D6A-4A81-ADB9-215C2C2A172C}"
EndProject
Project("{8BC9CEB8-8B4A-11D0-8D11-00A0C91BC942}") = "DevCtrl", "..\App\Dll\DevCtrl\DevCtrl_ITM.vcproj", "{852FAD76-BA81-43E5-824B-8DB90B76DE5E}"
	ProjectSection(ProjectDependencies) = postProject
		{6F3E7916-5958-4486-858F-058CFD236CB8} = {6F3E7916-5958-4486-858F-058CFD236CB8}
		{AD7CED59-B82D-4287-9D37-167342640B85} = {AD7CED59-B82D-4287-9D37-167342640B85}
	EndProjectSection
EndProject
Project("{8BC9CEB8-8B4A-11D0-8D11-00A0C91BC942}") = "NHMWI", "..\App\NHMwi\NHMWI_ITM.vcproj", "{5138DA3F-62E1-479A-BF51-7FF306EC39DA}"
	ProjectSection(ProjectDependencies) = postProject
		{A3A52FCF-7D6A-4A81-ADB9-215C2C2A172C} = {A3A52FCF-7D6A-4A81-ADB9-215C2C2A172C}
	EndProjectSection
EndProject
Project("{8BC9CEB8-8B4A-11D0-8D11-00A0C91BC942}") = "NetCtrl", "..\App\Dll\NetCtrl\NetCtrl_ITM.vcproj", "{AD7CED59-B82D-4287-9D37-167342640B85}"
	ProjectSection(ProjectDependencies) = postProject
		{A3A52FCF-7D6A-4A81-ADB9-215C2C2A172C} = {A3A52FCF-7D6A-4A81-ADB9-215C2C2A172C}
	EndProjectSection
EndProject
Project("{8BC9CEB8-8B4A-11D0-8D11-00A0C91BC942}") = "RMSCtrl", "..\App\Dll\RMSCtrl\RMSCtrl_ITM.vcproj", "{50A03122-7EA6-49F9-8FC7-41B24F22C2D3}"
	ProjectSection(ProjectDependencies) = postProject
		{516DEC68-FF6E-436C-B041-ABED77FDFBAB} = {516DEC68-FF6E-436C-B041-ABED77FDFBAB}
		{852FAD76-BA81-43E5-824B-8DB90B76DE5E} = {852FAD76-BA81-43E5-824B-8DB90B76DE5E}
		{20331DB7-B504-49F9-84BB-A668851887A1} = {20331DB7-B504-49F9-84BB-A668851887A1}
	EndProjectSection
EndProject
Project("{8BC9CEB8-8B4A-11D0-8D11-00A0C91BC942}") = "ScrCtrl", "..\App\Dll\ScrCtrl\ScrCtrl_ITM.vcproj", "{6F3E7916-5958-4486-858F-058CFD236CB8}"
	ProjectSection(ProjectDependencies) = postProject
		{A3A52FCF-7D6A-4A81-ADB9-215C2C2A172C} = {A3A52FCF-7D6A-4A81-ADB9-215C2C2A172C}
	EndProjectSection
EndProject
Project("{8BC9CEB8-8B4A-11D0-8D11-00A0C91BC942}") = "TranCtrl", "..\App\Dll\TranCtrl\TranCtrl_ITM.vcproj", "{20331DB7-B504-49F9-84BB-A668851887A1}"
	ProjectSection(ProjectDependencies) = postProject
		{516DEC68-FF6E-436C-B041-ABED77FDFBAB} = {516DEC68-FF6E-436C-B041-ABED77FDFBAB}
		{852FAD76-BA81-43E5-824B-8DB90B76DE5E} = {852FAD76-BA81-43E5-824B-8DB90B76DE5E}
		{E369E585-13EF-4B6F-9D75-381A920FCE56} = {E369E585-13EF-4B6F-9D75-381A920FCE56}
	EndProjectSection
EndProject
Project("{8BC9CEB8-8B4A-11D0-8D11-00A0C91BC942}") = "Update", "..\App\Update\Update_ITM.vcproj", "{5BD66388-7428-4248-8941-D3E546AAEA59}"
	ProjectSection(ProjectDependencies) = postProject
		{6F3E7916-5958-4486-858F-058CFD236CB8} = {6F3E7916-5958-4486-858F-058CFD236CB8}
		{516DEC68-FF6E-436C-B041-ABED77FDFBAB} = {516DEC68-FF6E-436C-B041-ABED77FDFBAB}
		{A3A52FCF-7D6A-4A81-ADB9-215C2C2A172C} = {A3A52FCF-7D6A-4A81-ADB9-215C2C2A172C}
	EndProjectSection
EndProject
Project("{8BC9CEB8-8B4A-11D0-8D11-00A0C91BC942}") = "UpdateLauncher", "..\App\UpdateLauncher\UpdateLauncher_ITM.vcproj", "{695004BB-B1E6-4276-BCA7-3DEBE683CDE0}"
	ProjectSection(ProjectDependencies) = postProject
		{5BD66388-7428-4248-8941-D3E546AAEA59} = {5BD66388-7428-4248-8941-D3E546AAEA59}
	EndProjectSection
EndProject
Project("{8BC9CEB8-8B4A-11D0-8D11-00A0C91BC942}") = "WinAtm", "..\App\WinAtm\WinAtm_ITM.vcproj", "{0276E6A7-2A96-4D9F-ACF8-038F7FBB2EBD}"
	ProjectSection(ProjectDependencies) = postProject
		{50A03122-7EA6-49F9-8FC7-41B24F22C2D3} = {50A03122-7EA6-49F9-8FC7-41B24F22C2D3}
		{5138DA3F-62E1-479A-BF51-7FF306EC39DA} = {5138DA3F-62E1-479A-BF51-7FF306EC39DA}
		{516DEC68-FF6E-436C-B041-ABED77FDFBAB} = {516DEC68-FF6E-436C-B041-ABED77FDFBAB}
		{20331DB7-B504-49F9-84BB-A668851887A1} = {20331DB7-B504-49F9-84BB-A668851887A1}
		{695004BB-B1E6-4276-BCA7-3DEBE683CDE0} = {695004BB-B1E6-4276-BCA7-3DEBE683CDE0}
		{E0419CDF-755D-465F-9D3B-658A4F6D078E} = {E0419CDF-755D-465F-9D3B-658A4F6D078E}
	EndProjectSection
EndProject
Project("{8BC9CEB8-8B4A-11D0-8D11-00A0C91BC942}") = "WatchDog", "..\App\WatchDog\WatchDog_ITM.vcproj", "{E0419CDF-755D-465F-9D3B-658A4F6D078E}"
EndProject
Project("{8BC9CEB8-8B4A-11D0-8D11-00A0C91BC942}") = "LibUpdate", "..\App\Dll\LibUpdate\LibUpdate.vcproj", "{516DEC68-FF6E-436C-B041-ABED77FDFBAB}"
	ProjectSection(ProjectDependencies) = postProject
		{AD7CED59-B82D-4287-9D37-167342640B85} = {AD7CED59-B82D-4287-9D37-167342640B85}
	EndProjectSection
EndProject
Project("{8BC9CEB8-8B4A-11D0-8D11-00A0C91BC942}") = "TestProject", "..\Tests\TestProject\TestProject.vcproj", "{64F4EB72-89FF-474F-910F-F6CCE88278D8}"
	ProjectSection(ProjectDependencies) = postProject
		{A3A52FCF-7D6A-4A81-ADB9-215C2C2A172C} = {A3A52FCF-7D6A-4A81-ADB9-215C2C2A172C}
	EndProjectSection
EndProject
Project("{2150E333-8FDC-42A3-9474-1A3956D46DE8}") = "Solution Items", "Solution Items", "{90865BF7-D2BF-4552-8F49-CCA7CFD4903B}"
	ProjectSection(SolutionItems) = preProject
		LocalTestRun.testrunconfig = LocalTestRun.testrunconfig
		WinATM_ITM.vsmdi = WinATM_ITM.vsmdi
	EndProjectSection
EndProject
Global
	GlobalSection(TestCaseManagementSettings) = postSolution
		CategoryFile = WinATM_ITM.vsmdi
	EndGlobalSection
	GlobalSection(SolutionConfigurationPlatforms) = preSolution
		Debug - Update|CHA_SDK_CE6 (ARMV4I) = Debug - Update|CHA_SDK_CE6 (ARMV4I)
		Debug - Update|MB2500 (ARMV4I) = Debug - Update|MB2500 (ARMV4I)
		Debug - Update|NH DOVE (ARMV4I) = Debug - Update|NH DOVE (ARMV4I)
		Debug - Update|Win32 = Debug - Update|Win32
		Debug|CHA_SDK_CE6 (ARMV4I) = Debug|CHA_SDK_CE6 (ARMV4I)
		Debug|MB2500 (ARMV4I) = Debug|MB2500 (ARMV4I)
		Debug|NH DOVE (ARMV4I) = Debug|NH DOVE (ARMV4I)
		Debug|Win32 = Debug|Win32
		Release|CHA_SDK_CE6 (ARMV4I) = Release|CHA_SDK_CE6 (ARMV4I)
		Release|MB2500 (ARMV4I) = Release|MB2500 (ARMV4I)
		Release|NH DOVE (ARMV4I) = Release|NH DOVE (ARMV4I)
		Release|Win32 = Release|Win32
	EndGlobalSection
	GlobalSection(ProjectConfigurationPlatforms) = postSolution
		{E369E585-13EF-4B6F-9D75-381A920FCE56}.Debug - Update|CHA_SDK_CE6 (ARMV4I).ActiveCfg = Debug - Update|CHA_SDK_CE6 (ARMV4I)
		{E369E585-13EF-4B6F-9D75-381A920FCE56}.Debug - Update|MB2500 (ARMV4I).ActiveCfg = Debug - Update|CHA_SDK_CE6 (ARMV4I)
		{E369E585-13EF-4B6F-9D75-381A920FCE56}.Debug - Update|NH DOVE (ARMV4I).ActiveCfg = Debug - Update|CHA_SDK_CE6 (ARMV4I)
		{E369E585-13EF-4B6F-9D75-381A920FCE56}.Debug - Update|Win32.ActiveCfg = Debug - Update|Win32
		{E369E585-13EF-4B6F-9D75-381A920FCE56}.Debug - Update|Win32.Build.0 = Debug - Update|Win32
		{E369E585-13EF-4B6F-9D75-381A920FCE56}.Debug|CHA_SDK_CE6 (ARMV4I).ActiveCfg = Debug|CHA_SDK_CE6 (ARMV4I)
		{E369E585-13EF-4B6F-9D75-381A920FCE56}.Debug|CHA_SDK_CE6 (ARMV4I).Build.0 = Debug|CHA_SDK_CE6 (ARMV4I)
		{E369E585-13EF-4B6F-9D75-381A920FCE56}.Debug|CHA_SDK_CE6 (ARMV4I).Deploy.0 = Debug|CHA_SDK_CE6 (ARMV4I)
		{E369E585-13EF-4B6F-9D75-381A920FCE56}.Debug|MB2500 (ARMV4I).ActiveCfg = Debug|CHA_SDK_CE6 (ARMV4I)
		{E369E585-13EF-4B6F-9D75-381A920FCE56}.Debug|NH DOVE (ARMV4I).ActiveCfg = Debug|CHA_SDK_CE6 (ARMV4I)
		{E369E585-13EF-4B6F-9D75-381A920FCE56}.Debug|Win32.ActiveCfg = Debug|Win32
		{E369E585-13EF-4B6F-9D75-381A920FCE56}.Debug|Win32.Build.0 = Debug|Win32
		{E369E585-13EF-4B6F-9D75-381A920FCE56}.Release|CHA_SDK_CE6 (ARMV4I).ActiveCfg = Release|CHA_SDK_CE6 (ARMV4I)
		{E369E585-13EF-4B6F-9D75-381A920FCE56}.Release|CHA_SDK_CE6 (ARMV4I).Build.0 = Release|CHA_SDK_CE6 (ARMV4I)
		{E369E585-13EF-4B6F-9D75-381A920FCE56}.Release|CHA_SDK_CE6 (ARMV4I).Deploy.0 = Release|CHA_SDK_CE6 (ARMV4I)
		{E369E585-13EF-4B6F-9D75-381A920FCE56}.Release|MB2500 (ARMV4I).ActiveCfg = Release|CHA_SDK_CE6 (ARMV4I)
		{E369E585-13EF-4B6F-9D75-381A920FCE56}.Release|NH DOVE (ARMV4I).ActiveCfg = Release|CHA_SDK_CE6 (ARMV4I)
		{E369E585-13EF-4B6F-9D75-381A920FCE56}.Release|Win32.ActiveCfg = Release|Win32
		{E369E585-13EF-4B6F-9D75-381A920FCE56}.Release|Win32.Build.0 = Release|Win32
		{A3A52FCF-7D6A-4A81-ADB9-215C2C2A172C}.Debug - Update|CHA_SDK_CE6 (ARMV4I).ActiveCfg = Debug - Update|CHA_SDK_CE6 (ARMV4I)
		{A3A52FCF-7D6A-4A81-ADB9-215C2C2A172C}.Debug - Update|CHA_SDK_CE6 (ARMV4I).Build.0 = Debug - Update|CHA_SDK_CE6 (ARMV4I)
		{A3A52FCF-7D6A-4A81-ADB9-215C2C2A172C}.Debug - Update|CHA_SDK_CE6 (ARMV4I).Deploy.0 = Debug - Update|CHA_SDK_CE6 (ARMV4I)
		{A3A52FCF-7D6A-4A81-ADB9-215C2C2A172C}.Debug - Update|MB2500 (ARMV4I).ActiveCfg = Debug - Update|Win32
		{A3A52FCF-7D6A-4A81-ADB9-215C2C2A172C}.Debug - Update|NH DOVE (ARMV4I).ActiveCfg = Debug - Update|Win32
		{A3A52FCF-7D6A-4A81-ADB9-215C2C2A172C}.Debug - Update|Win32.ActiveCfg = Debug - Update|Win32
		{A3A52FCF-7D6A-4A81-ADB9-215C2C2A172C}.Debug - Update|Win32.Build.0 = Debug - Update|Win32
		{A3A52FCF-7D6A-4A81-ADB9-215C2C2A172C}.Debug|CHA_SDK_CE6 (ARMV4I).ActiveCfg = Debug|CHA_SDK_CE6 (ARMV4I)
		{A3A52FCF-7D6A-4A81-ADB9-215C2C2A172C}.Debug|CHA_SDK_CE6 (ARMV4I).Build.0 = Debug|CHA_SDK_CE6 (ARMV4I)
		{A3A52FCF-7D6A-4A81-ADB9-215C2C2A172C}.Debug|CHA_SDK_CE6 (ARMV4I).Deploy.0 = Debug|CHA_SDK_CE6 (ARMV4I)
		{A3A52FCF-7D6A-4A81-ADB9-215C2C2A172C}.Debug|MB2500 (ARMV4I).ActiveCfg = Debug|CHA_SDK_CE6 (ARMV4I)
		{A3A52FCF-7D6A-4A81-ADB9-215C2C2A172C}.Debug|NH DOVE (ARMV4I).ActiveCfg = Debug|CHA_SDK_CE6 (ARMV4I)
		{A3A52FCF-7D6A-4A81-ADB9-215C2C2A172C}.Debug|Win32.ActiveCfg = Debug|Win32
		{A3A52FCF-7D6A-4A81-ADB9-215C2C2A172C}.Debug|Win32.Build.0 = Debug|Win32
		{A3A52FCF-7D6A-4A81-ADB9-215C2C2A172C}.Release|CHA_SDK_CE6 (ARMV4I).ActiveCfg = Release|CHA_SDK_CE6 (ARMV4I)
		{A3A52FCF-7D6A-4A81-ADB9-215C2C2A172C}.Release|CHA_SDK_CE6 (ARMV4I).Build.0 = Release|CHA_SDK_CE6 (ARMV4I)
		{A3A52FCF-7D6A-4A81-ADB9-215C2C2A172C}.Release|CHA_SDK_CE6 (ARMV4I).Deploy.0 = Release|CHA_SDK_CE6 (ARMV4I)
		{A3A52FCF-7D6A-4A81-ADB9-215C2C2A172C}.Release|MB2500 (ARMV4I).ActiveCfg = Release|CHA_SDK_CE6 (ARMV4I)
		{A3A52FCF-7D6A-4A81-ADB9-215C2C2A172C}.Release|NH DOVE (ARMV4I).ActiveCfg = Release|CHA_SDK_CE6 (ARMV4I)
		{A3A52FCF-7D6A-4A81-ADB9-215C2C2A172C}.Release|Win32.ActiveCfg = Release|Win32
		{A3A52FCF-7D6A-4A81-ADB9-215C2C2A172C}.Release|Win32.Build.0 = Release|Win32
		{852FAD76-BA81-43E5-824B-8DB90B76DE5E}.Debug - Update|CHA_SDK_CE6 (ARMV4I).ActiveCfg = Debug - Update|CHA_SDK_CE6 (ARMV4I)
		{852FAD76-BA81-43E5-824B-8DB90B76DE5E}.Debug - Update|MB2500 (ARMV4I).ActiveCfg = Debug - Update|CHA_SDK_CE6 (ARMV4I)
		{852FAD76-BA81-43E5-824B-8DB90B76DE5E}.Debug - Update|NH DOVE (ARMV4I).ActiveCfg = Debug - Update|CHA_SDK_CE6 (ARMV4I)
		{852FAD76-BA81-43E5-824B-8DB90B76DE5E}.Debug - Update|Win32.ActiveCfg = Debug - Update|Win32
		{852FAD76-BA81-43E5-824B-8DB90B76DE5E}.Debug - Update|Win32.Build.0 = Debug - Update|Win32
		{852FAD76-BA81-43E5-824B-8DB90B76DE5E}.Debug|CHA_SDK_CE6 (ARMV4I).ActiveCfg = Debug|CHA_SDK_CE6 (ARMV4I)
		{852FAD76-BA81-43E5-824B-8DB90B76DE5E}.Debug|CHA_SDK_CE6 (ARMV4I).Build.0 = Debug|CHA_SDK_CE6 (ARMV4I)
		{852FAD76-BA81-43E5-824B-8DB90B76DE5E}.Debug|CHA_SDK_CE6 (ARMV4I).Deploy.0 = Debug|CHA_SDK_CE6 (ARMV4I)
		{852FAD76-BA81-43E5-824B-8DB90B76DE5E}.Debug|MB2500 (ARMV4I).ActiveCfg = Debug|CHA_SDK_CE6 (ARMV4I)
		{852FAD76-BA81-43E5-824B-8DB90B76DE5E}.Debug|NH DOVE (ARMV4I).ActiveCfg = Debug|CHA_SDK_CE6 (ARMV4I)
		{852FAD76-BA81-43E5-824B-8DB90B76DE5E}.Debug|Win32.ActiveCfg = Debug|Win32
		{852FAD76-BA81-43E5-824B-8DB90B76DE5E}.Debug|Win32.Build.0 = Debug|Win32
		{852FAD76-BA81-43E5-824B-8DB90B76DE5E}.Release|CHA_SDK_CE6 (ARMV4I).ActiveCfg = Release|CHA_SDK_CE6 (ARMV4I)
		{852FAD76-BA81-43E5-824B-8DB90B76DE5E}.Release|CHA_SDK_CE6 (ARMV4I).Build.0 = Release|CHA_SDK_CE6 (ARMV4I)
		{852FAD76-BA81-43E5-824B-8DB90B76DE5E}.Release|CHA_SDK_CE6 (ARMV4I).Deploy.0 = Release|CHA_SDK_CE6 (ARMV4I)
		{852FAD76-BA81-43E5-824B-8DB90B76DE5E}.Release|MB2500 (ARMV4I).ActiveCfg = Release|CHA_SDK_CE6 (ARMV4I)
		{852FAD76-BA81-43E5-824B-8DB90B76DE5E}.Release|NH DOVE (ARMV4I).ActiveCfg = Release|CHA_SDK_CE6 (ARMV4I)
		{852FAD76-BA81-43E5-824B-8DB90B76DE5E}.Release|Win32.ActiveCfg = Release|Win32
		{852FAD76-BA81-43E5-824B-8DB90B76DE5E}.Release|Win32.Build.0 = Release|Win32
		{5138DA3F-62E1-479A-BF51-7FF306EC39DA}.Debug - Update|CHA_SDK_CE6 (ARMV4I).ActiveCfg = Debug - Update|CHA_SDK_CE6 (ARMV4I)
		{5138DA3F-62E1-479A-BF51-7FF306EC39DA}.Debug - Update|MB2500 (ARMV4I).ActiveCfg = Debug - Update|CHA_SDK_CE6 (ARMV4I)
		{5138DA3F-62E1-479A-BF51-7FF306EC39DA}.Debug - Update|NH DOVE (ARMV4I).ActiveCfg = Debug - Update|CHA_SDK_CE6 (ARMV4I)
		{5138DA3F-62E1-479A-BF51-7FF306EC39DA}.Debug - Update|Win32.ActiveCfg = Debug - Update|Win32
		{5138DA3F-62E1-479A-BF51-7FF306EC39DA}.Debug - Update|Win32.Build.0 = Debug - Update|Win32
		{5138DA3F-62E1-479A-BF51-7FF306EC39DA}.Debug|CHA_SDK_CE6 (ARMV4I).ActiveCfg = Debug|CHA_SDK_CE6 (ARMV4I)
		{5138DA3F-62E1-479A-BF51-7FF306EC39DA}.Debug|CHA_SDK_CE6 (ARMV4I).Build.0 = Debug|CHA_SDK_CE6 (ARMV4I)
		{5138DA3F-62E1-479A-BF51-7FF306EC39DA}.Debug|CHA_SDK_CE6 (ARMV4I).Deploy.0 = Debug|CHA_SDK_CE6 (ARMV4I)
		{5138DA3F-62E1-479A-BF51-7FF306EC39DA}.Debug|MB2500 (ARMV4I).ActiveCfg = Debug|CHA_SDK_CE6 (ARMV4I)
		{5138DA3F-62E1-479A-BF51-7FF306EC39DA}.Debug|NH DOVE (ARMV4I).ActiveCfg = Debug|CHA_SDK_CE6 (ARMV4I)
		{5138DA3F-62E1-479A-BF51-7FF306EC39DA}.Debug|Win32.ActiveCfg = Debug|Win32
		{5138DA3F-62E1-479A-BF51-7FF306EC39DA}.Debug|Win32.Build.0 = Debug|Win32
		{5138DA3F-62E1-479A-BF51-7FF306EC39DA}.Release|CHA_SDK_CE6 (ARMV4I).ActiveCfg = Release|CHA_SDK_CE6 (ARMV4I)
		{5138DA3F-62E1-479A-BF51-7FF306EC39DA}.Release|CHA_SDK_CE6 (ARMV4I).Build.0 = Release|CHA_SDK_CE6 (ARMV4I)
		{5138DA3F-62E1-479A-BF51-7FF306EC39DA}.Release|CHA_SDK_CE6 (ARMV4I).Deploy.0 = Release|CHA_SDK_CE6 (ARMV4I)
		{5138DA3F-62E1-479A-BF51-7FF306EC39DA}.Release|MB2500 (ARMV4I).ActiveCfg = Release|CHA_SDK_CE6 (ARMV4I)
		{5138DA3F-62E1-479A-BF51-7FF306EC39DA}.Release|NH DOVE (ARMV4I).ActiveCfg = Release|CHA_SDK_CE6 (ARMV4I)
		{5138DA3F-62E1-479A-BF51-7FF306EC39DA}.Release|Win32.ActiveCfg = Release|Win32
		{5138DA3F-62E1-479A-BF51-7FF306EC39DA}.Release|Win32.Build.0 = Release|Win32
		{AD7CED59-B82D-4287-9D37-167342640B85}.Debug - Update|CHA_SDK_CE6 (ARMV4I).ActiveCfg = Debug - Update|CHA_SDK_CE6 (ARMV4I)
		{AD7CED59-B82D-4287-9D37-167342640B85}.Debug - Update|CHA_SDK_CE6 (ARMV4I).Build.0 = Debug - Update|CHA_SDK_CE6 (ARMV4I)
		{AD7CED59-B82D-4287-9D37-167342640B85}.Debug - Update|CHA_SDK_CE6 (ARMV4I).Deploy.0 = Debug - Update|CHA_SDK_CE6 (ARMV4I)
		{AD7CED59-B82D-4287-9D37-167342640B85}.Debug - Update|MB2500 (ARMV4I).ActiveCfg = Debug - Update|Win32
		{AD7CED59-B82D-4287-9D37-167342640B85}.Debug - Update|NH DOVE (ARMV4I).ActiveCfg = Debug - Update|Win32
		{AD7CED59-B82D-4287-9D37-167342640B85}.Debug - Update|Win32.ActiveCfg = Debug - Update|Win32
		{AD7CED59-B82D-4287-9D37-167342640B85}.Debug - Update|Win32.Build.0 = Debug - Update|Win32
		{AD7CED59-B82D-4287-9D37-167342640B85}.Debug|CHA_SDK_CE6 (ARMV4I).ActiveCfg = Debug|CHA_SDK_CE6 (ARMV4I)
		{AD7CED59-B82D-4287-9D37-167342640B85}.Debug|CHA_SDK_CE6 (ARMV4I).Build.0 = Debug|CHA_SDK_CE6 (ARMV4I)
		{AD7CED59-B82D-4287-9D37-167342640B85}.Debug|CHA_SDK_CE6 (ARMV4I).Deploy.0 = Debug|CHA_SDK_CE6 (ARMV4I)
		{AD7CED59-B82D-4287-9D37-167342640B85}.Debug|MB2500 (ARMV4I).ActiveCfg = Debug|Win32
		{AD7CED59-B82D-4287-9D37-167342640B85}.Debug|NH DOVE (ARMV4I).ActiveCfg = Debug|Win32
		{AD7CED59-B82D-4287-9D37-167342640B85}.Debug|Win32.ActiveCfg = Debug|Win32
		{AD7CED59-B82D-4287-9D37-167342640B85}.Debug|Win32.Build.0 = Debug|Win32
		{AD7CED59-B82D-4287-9D37-167342640B85}.Release|CHA_SDK_CE6 (ARMV4I).ActiveCfg = Release|CHA_SDK_CE6 (ARMV4I)
		{AD7CED59-B82D-4287-9D37-167342640B85}.Release|CHA_SDK_CE6 (ARMV4I).Build.0 = Release|CHA_SDK_CE6 (ARMV4I)
		{AD7CED59-B82D-4287-9D37-167342640B85}.Release|CHA_SDK_CE6 (ARMV4I).Deploy.0 = Release|CHA_SDK_CE6 (ARMV4I)
		{AD7CED59-B82D-4287-9D37-167342640B85}.Release|MB2500 (ARMV4I).ActiveCfg = Release|Win32
		{AD7CED59-B82D-4287-9D37-167342640B85}.Release|NH DOVE (ARMV4I).ActiveCfg = Release|Win32
		{AD7CED59-B82D-4287-9D37-167342640B85}.Release|Win32.ActiveCfg = Release|Win32
		{AD7CED59-B82D-4287-9D37-167342640B85}.Release|Win32.Build.0 = Release|Win32
		{50A03122-7EA6-49F9-8FC7-41B24F22C2D3}.Debug - Update|CHA_SDK_CE6 (ARMV4I).ActiveCfg = Debug - Update|CHA_SDK_CE6 (ARMV4I)
		{50A03122-7EA6-49F9-8FC7-41B24F22C2D3}.Debug - Update|MB2500 (ARMV4I).ActiveCfg = Debug - Update|CHA_SDK_CE6 (ARMV4I)
		{50A03122-7EA6-49F9-8FC7-41B24F22C2D3}.Debug - Update|NH DOVE (ARMV4I).ActiveCfg = Debug - Update|CHA_SDK_CE6 (ARMV4I)
		{50A03122-7EA6-49F9-8FC7-41B24F22C2D3}.Debug - Update|Win32.ActiveCfg = Debug - Update|Win32
		{50A03122-7EA6-49F9-8FC7-41B24F22C2D3}.Debug - Update|Win32.Build.0 = Debug - Update|Win32
		{50A03122-7EA6-49F9-8FC7-41B24F22C2D3}.Debug|CHA_SDK_CE6 (ARMV4I).ActiveCfg = Debug|CHA_SDK_CE6 (ARMV4I)
		{50A03122-7EA6-49F9-8FC7-41B24F22C2D3}.Debug|CHA_SDK_CE6 (ARMV4I).Build.0 = Debug|CHA_SDK_CE6 (ARMV4I)
		{50A03122-7EA6-49F9-8FC7-41B24F22C2D3}.Debug|CHA_SDK_CE6 (ARMV4I).Deploy.0 = Debug|CHA_SDK_CE6 (ARMV4I)
		{50A03122-7EA6-49F9-8FC7-41B24F22C2D3}.Debug|MB2500 (ARMV4I).ActiveCfg = Debug|CHA_SDK_CE6 (ARMV4I)
		{50A03122-7EA6-49F9-8FC7-41B24F22C2D3}.Debug|NH DOVE (ARMV4I).ActiveCfg = Debug|CHA_SDK_CE6 (ARMV4I)
		{50A03122-7EA6-49F9-8FC7-41B24F22C2D3}.Debug|Win32.ActiveCfg = Debug|Win32
		{50A03122-7EA6-49F9-8FC7-41B24F22C2D3}.Debug|Win32.Build.0 = Debug|Win32
		{50A03122-7EA6-49F9-8FC7-41B24F22C2D3}.Release|CHA_SDK_CE6 (ARMV4I).ActiveCfg = Release|CHA_SDK_CE6 (ARMV4I)
		{50A03122-7EA6-49F9-8FC7-41B24F22C2D3}.Release|CHA_SDK_CE6 (ARMV4I).Build.0 = Release|CHA_SDK_CE6 (ARMV4I)
		{50A03122-7EA6-49F9-8FC7-41B24F22C2D3}.Release|CHA_SDK_CE6 (ARMV4I).Deploy.0 = Release|CHA_SDK_CE6 (ARMV4I)
		{50A03122-7EA6-49F9-8FC7-41B24F22C2D3}.Release|MB2500 (ARMV4I).ActiveCfg = Release|CHA_SDK_CE6 (ARMV4I)
		{50A03122-7EA6-49F9-8FC7-41B24F22C2D3}.Release|NH DOVE (ARMV4I).ActiveCfg = Release|CHA_SDK_CE6 (ARMV4I)
		{50A03122-7EA6-49F9-8FC7-41B24F22C2D3}.Release|Win32.ActiveCfg = Release|Win32
		{50A03122-7EA6-49F9-8FC7-41B24F22C2D3}.Release|Win32.Build.0 = Release|Win32
		{6F3E7916-5958-4486-858F-058CFD236CB8}.Debug - Update|CHA_SDK_CE6 (ARMV4I).ActiveCfg = Debug - Update|CHA_SDK_CE6 (ARMV4I)
		{6F3E7916-5958-4486-858F-058CFD236CB8}.Debug - Update|CHA_SDK_CE6 (ARMV4I).Build.0 = Debug - Update|CHA_SDK_CE6 (ARMV4I)
		{6F3E7916-5958-4486-858F-058CFD236CB8}.Debug - Update|CHA_SDK_CE6 (ARMV4I).Deploy.0 = Debug - Update|CHA_SDK_CE6 (ARMV4I)
		{6F3E7916-5958-4486-858F-058CFD236CB8}.Debug - Update|MB2500 (ARMV4I).ActiveCfg = Debug - Update|CHA_SDK_CE6 (ARMV4I)
		{6F3E7916-5958-4486-858F-058CFD236CB8}.Debug - Update|NH DOVE (ARMV4I).ActiveCfg = Debug - Update|CHA_SDK_CE6 (ARMV4I)
		{6F3E7916-5958-4486-858F-058CFD236CB8}.Debug - Update|Win32.ActiveCfg = Debug - Update|Win32
		{6F3E7916-5958-4486-858F-058CFD236CB8}.Debug - Update|Win32.Build.0 = Debug - Update|Win32
		{6F3E7916-5958-4486-858F-058CFD236CB8}.Debug|CHA_SDK_CE6 (ARMV4I).ActiveCfg = Debug|CHA_SDK_CE6 (ARMV4I)
		{6F3E7916-5958-4486-858F-058CFD236CB8}.Debug|CHA_SDK_CE6 (ARMV4I).Build.0 = Debug|CHA_SDK_CE6 (ARMV4I)
		{6F3E7916-5958-4486-858F-058CFD236CB8}.Debug|CHA_SDK_CE6 (ARMV4I).Deploy.0 = Debug|CHA_SDK_CE6 (ARMV4I)
		{6F3E7916-5958-4486-858F-058CFD236CB8}.Debug|MB2500 (ARMV4I).ActiveCfg = Debug|CHA_SDK_CE6 (ARMV4I)
		{6F3E7916-5958-4486-858F-058CFD236CB8}.Debug|NH DOVE (ARMV4I).ActiveCfg = Debug|CHA_SDK_CE6 (ARMV4I)
		{6F3E7916-5958-4486-858F-058CFD236CB8}.Debug|Win32.ActiveCfg = Debug|Win32
		{6F3E7916-5958-4486-858F-058CFD236CB8}.Debug|Win32.Build.0 = Debug|Win32
		{6F3E7916-5958-4486-858F-058CFD236CB8}.Release|CHA_SDK_CE6 (ARMV4I).ActiveCfg = Release|CHA_SDK_CE6 (ARMV4I)
		{6F3E7916-5958-4486-858F-058CFD236CB8}.Release|CHA_SDK_CE6 (ARMV4I).Build.0 = Release|CHA_SDK_CE6 (ARMV4I)
		{6F3E7916-5958-4486-858F-058CFD236CB8}.Release|CHA_SDK_CE6 (ARMV4I).Deploy.0 = Release|CHA_SDK_CE6 (ARMV4I)
		{6F3E7916-5958-4486-858F-058CFD236CB8}.Release|MB2500 (ARMV4I).ActiveCfg = Release|CHA_SDK_CE6 (ARMV4I)
		{6F3E7916-5958-4486-858F-058CFD236CB8}.Release|NH DOVE (ARMV4I).ActiveCfg = Release|CHA_SDK_CE6 (ARMV4I)
		{6F3E7916-5958-4486-858F-058CFD236CB8}.Release|Win32.ActiveCfg = Release|Win32
		{6F3E7916-5958-4486-858F-058CFD236CB8}.Release|Win32.Build.0 = Release|Win32
		{20331DB7-B504-49F9-84BB-A668851887A1}.Debug - Update|CHA_SDK_CE6 (ARMV4I).ActiveCfg = Debug - Update|CHA_SDK_CE6 (ARMV4I)
		{20331DB7-B504-49F9-84BB-A668851887A1}.Debug - Update|MB2500 (ARMV4I).ActiveCfg = Debug - Update|CHA_SDK_CE6 (ARMV4I)
		{20331DB7-B504-49F9-84BB-A668851887A1}.Debug - Update|NH DOVE (ARMV4I).ActiveCfg = Debug - Update|CHA_SDK_CE6 (ARMV4I)
		{20331DB7-B504-49F9-84BB-A668851887A1}.Debug - Update|Win32.ActiveCfg = Debug - Update|Win32
		{20331DB7-B504-49F9-84BB-A668851887A1}.Debug - Update|Win32.Build.0 = Debug - Update|Win32
		{20331DB7-B504-49F9-84BB-A668851887A1}.Debug|CHA_SDK_CE6 (ARMV4I).ActiveCfg = Debug|CHA_SDK_CE6 (ARMV4I)
		{20331DB7-B504-49F9-84BB-A668851887A1}.Debug|CHA_SDK_CE6 (ARMV4I).Build.0 = Debug|CHA_SDK_CE6 (ARMV4I)
		{20331DB7-B504-49F9-84BB-A668851887A1}.Debug|CHA_SDK_CE6 (ARMV4I).Deploy.0 = Debug|CHA_SDK_CE6 (ARMV4I)
		{20331DB7-B504-49F9-84BB-A668851887A1}.Debug|MB2500 (ARMV4I).ActiveCfg = Debug|CHA_SDK_CE6 (ARMV4I)
		{20331DB7-B504-49F9-84BB-A668851887A1}.Debug|NH DOVE (ARMV4I).ActiveCfg = Debug|CHA_SDK_CE6 (ARMV4I)
		{20331DB7-B504-49F9-84BB-A668851887A1}.Debug|Win32.ActiveCfg = Debug|Win32
		{20331DB7-B504-49F9-84BB-A668851887A1}.Debug|Win32.Build.0 = Debug|Win32
		{20331DB7-B504-49F9-84BB-A668851887A1}.Release|CHA_SDK_CE6 (ARMV4I).ActiveCfg = Release|CHA_SDK_CE6 (ARMV4I)
		{20331DB7-B504-49F9-84BB-A668851887A1}.Release|CHA_SDK_CE6 (ARMV4I).Build.0 = Release|CHA_SDK_CE6 (ARMV4I)
		{20331DB7-B504-49F9-84BB-A668851887A1}.Release|CHA_SDK_CE6 (ARMV4I).Deploy.0 = Release|CHA_SDK_CE6 (ARMV4I)
		{20331DB7-B504-49F9-84BB-A668851887A1}.Release|MB2500 (ARMV4I).ActiveCfg = Release|CHA_SDK_CE6 (ARMV4I)
		{20331DB7-B504-49F9-84BB-A668851887A1}.Release|NH DOVE (ARMV4I).ActiveCfg = Release|CHA_SDK_CE6 (ARMV4I)
		{20331DB7-B504-49F9-84BB-A668851887A1}.Release|Win32.ActiveCfg = Release|Win32
		{20331DB7-B504-49F9-84BB-A668851887A1}.Release|Win32.Build.0 = Release|Win32
		{5BD66388-7428-4248-8941-D3E546AAEA59}.Debug - Update|CHA_SDK_CE6 (ARMV4I).ActiveCfg = Debug - Update|CHA_SDK_CE6 (ARMV4I)
		{5BD66388-7428-4248-8941-D3E546AAEA59}.Debug - Update|CHA_SDK_CE6 (ARMV4I).Build.0 = Debug - Update|CHA_SDK_CE6 (ARMV4I)
		{5BD66388-7428-4248-8941-D3E546AAEA59}.Debug - Update|CHA_SDK_CE6 (ARMV4I).Deploy.0 = Debug - Update|CHA_SDK_CE6 (ARMV4I)
		{5BD66388-7428-4248-8941-D3E546AAEA59}.Debug - Update|MB2500 (ARMV4I).ActiveCfg = Debug - Update|CHA_SDK_CE6 (ARMV4I)
		{5BD66388-7428-4248-8941-D3E546AAEA59}.Debug - Update|NH DOVE (ARMV4I).ActiveCfg = Debug - Update|CHA_SDK_CE6 (ARMV4I)
		{5BD66388-7428-4248-8941-D3E546AAEA59}.Debug - Update|Win32.ActiveCfg = Debug - Update|Win32
		{5BD66388-7428-4248-8941-D3E546AAEA59}.Debug - Update|Win32.Build.0 = Debug - Update|Win32
		{5BD66388-7428-4248-8941-D3E546AAEA59}.Debug|CHA_SDK_CE6 (ARMV4I).ActiveCfg = Debug|CHA_SDK_CE6 (ARMV4I)
		{5BD66388-7428-4248-8941-D3E546AAEA59}.Debug|CHA_SDK_CE6 (ARMV4I).Build.0 = Debug|CHA_SDK_CE6 (ARMV4I)
		{5BD66388-7428-4248-8941-D3E546AAEA59}.Debug|CHA_SDK_CE6 (ARMV4I).Deploy.0 = Debug|CHA_SDK_CE6 (ARMV4I)
		{5BD66388-7428-4248-8941-D3E546AAEA59}.Debug|MB2500 (ARMV4I).ActiveCfg = Debug|CHA_SDK_CE6 (ARMV4I)
		{5BD66388-7428-4248-8941-D3E546AAEA59}.Debug|NH DOVE (ARMV4I).ActiveCfg = Debug|CHA_SDK_CE6 (ARMV4I)
		{5BD66388-7428-4248-8941-D3E546AAEA59}.Debug|Win32.ActiveCfg = Debug|Win32
		{5BD66388-7428-4248-8941-D3E546AAEA59}.Release|CHA_SDK_CE6 (ARMV4I).ActiveCfg = Release|CHA_SDK_CE6 (ARMV4I)
		{5BD66388-7428-4248-8941-D3E546AAEA59}.Release|CHA_SDK_CE6 (ARMV4I).Build.0 = Release|CHA_SDK_CE6 (ARMV4I)
		{5BD66388-7428-4248-8941-D3E546AAEA59}.Release|CHA_SDK_CE6 (ARMV4I).Deploy.0 = Release|CHA_SDK_CE6 (ARMV4I)
		{5BD66388-7428-4248-8941-D3E546AAEA59}.Release|MB2500 (ARMV4I).ActiveCfg = Release|CHA_SDK_CE6 (ARMV4I)
		{5BD66388-7428-4248-8941-D3E546AAEA59}.Release|NH DOVE (ARMV4I).ActiveCfg = Release|CHA_SDK_CE6 (ARMV4I)
		{5BD66388-7428-4248-8941-D3E546AAEA59}.Release|Win32.ActiveCfg = Release|Win32
		{5BD66388-7428-4248-8941-D3E546AAEA59}.Release|Win32.Build.0 = Release|Win32
		{695004BB-B1E6-4276-BCA7-3DEBE683CDE0}.Debug - Update|CHA_SDK_CE6 (ARMV4I).ActiveCfg = Debug - Update|CHA_SDK_CE6 (ARMV4I)
		{695004BB-B1E6-4276-BCA7-3DEBE683CDE0}.Debug - Update|CHA_SDK_CE6 (ARMV4I).Build.0 = Debug - Update|CHA_SDK_CE6 (ARMV4I)
		{695004BB-B1E6-4276-BCA7-3DEBE683CDE0}.Debug - Update|CHA_SDK_CE6 (ARMV4I).Deploy.0 = Debug - Update|CHA_SDK_CE6 (ARMV4I)
		{695004BB-B1E6-4276-BCA7-3DEBE683CDE0}.Debug - Update|MB2500 (ARMV4I).ActiveCfg = Debug - Update|CHA_SDK_CE6 (ARMV4I)
		{695004BB-B1E6-4276-BCA7-3DEBE683CDE0}.Debug - Update|NH DOVE (ARMV4I).ActiveCfg = Debug - Update|CHA_SDK_CE6 (ARMV4I)
		{695004BB-B1E6-4276-BCA7-3DEBE683CDE0}.Debug - Update|Win32.ActiveCfg = Debug - Update|Win32
		{695004BB-B1E6-4276-BCA7-3DEBE683CDE0}.Debug - Update|Win32.Build.0 = Debug - Update|Win32
		{695004BB-B1E6-4276-BCA7-3DEBE683CDE0}.Debug|CHA_SDK_CE6 (ARMV4I).ActiveCfg = Debug|CHA_SDK_CE6 (ARMV4I)
		{695004BB-B1E6-4276-BCA7-3DEBE683CDE0}.Debug|CHA_SDK_CE6 (ARMV4I).Build.0 = Debug|CHA_SDK_CE6 (ARMV4I)
		{695004BB-B1E6-4276-BCA7-3DEBE683CDE0}.Debug|CHA_SDK_CE6 (ARMV4I).Deploy.0 = Debug|CHA_SDK_CE6 (ARMV4I)
		{695004BB-B1E6-4276-BCA7-3DEBE683CDE0}.Debug|MB2500 (ARMV4I).ActiveCfg = Debug|CHA_SDK_CE6 (ARMV4I)
		{695004BB-B1E6-4276-BCA7-3DEBE683CDE0}.Debug|NH DOVE (ARMV4I).ActiveCfg = Debug|CHA_SDK_CE6 (ARMV4I)
		{695004BB-B1E6-4276-BCA7-3DEBE683CDE0}.Debug|Win32.ActiveCfg = Debug|Win32
		{695004BB-B1E6-4276-BCA7-3DEBE683CDE0}.Release|CHA_SDK_CE6 (ARMV4I).ActiveCfg = Release|CHA_SDK_CE6 (ARMV4I)
		{695004BB-B1E6-4276-BCA7-3DEBE683CDE0}.Release|CHA_SDK_CE6 (ARMV4I).Build.0 = Release|CHA_SDK_CE6 (ARMV4I)
		{695004BB-B1E6-4276-BCA7-3DEBE683CDE0}.Release|CHA_SDK_CE6 (ARMV4I).Deploy.0 = Release|CHA_SDK_CE6 (ARMV4I)
		{695004BB-B1E6-4276-BCA7-3DEBE683CDE0}.Release|MB2500 (ARMV4I).ActiveCfg = Release|CHA_SDK_CE6 (ARMV4I)
		{695004BB-B1E6-4276-BCA7-3DEBE683CDE0}.Release|NH DOVE (ARMV4I).ActiveCfg = Release|CHA_SDK_CE6 (ARMV4I)
		{695004BB-B1E6-4276-BCA7-3DEBE683CDE0}.Release|Win32.ActiveCfg = Release|Win32
		{695004BB-B1E6-4276-BCA7-3DEBE683CDE0}.Release|Win32.Build.0 = Release|Win32
		{0276E6A7-2A96-4D9F-ACF8-038F7FBB2EBD}.Debug - Update|CHA_SDK_CE6 (ARMV4I).ActiveCfg = Debug - Update|CHA_SDK_CE6 (ARMV4I)
		{0276E6A7-2A96-4D9F-ACF8-038F7FBB2EBD}.Debug - Update|MB2500 (ARMV4I).ActiveCfg = Debug - Update|CHA_SDK_CE6 (ARMV4I)
		{0276E6A7-2A96-4D9F-ACF8-038F7FBB2EBD}.Debug - Update|NH DOVE (ARMV4I).ActiveCfg = Debug - Update|CHA_SDK_CE6 (ARMV4I)
		{0276E6A7-2A96-4D9F-ACF8-038F7FBB2EBD}.Debug - Update|Win32.ActiveCfg = Debug - Update|Win32
		{0276E6A7-2A96-4D9F-ACF8-038F7FBB2EBD}.Debug - Update|Win32.Build.0 = Debug - Update|Win32
		{0276E6A7-2A96-4D9F-ACF8-038F7FBB2EBD}.Debug|CHA_SDK_CE6 (ARMV4I).ActiveCfg = Debug|CHA_SDK_CE6 (ARMV4I)
		{0276E6A7-2A96-4D9F-ACF8-038F7FBB2EBD}.Debug|CHA_SDK_CE6 (ARMV4I).Build.0 = Debug|CHA_SDK_CE6 (ARMV4I)
		{0276E6A7-2A96-4D9F-ACF8-038F7FBB2EBD}.Debug|CHA_SDK_CE6 (ARMV4I).Deploy.0 = Debug|CHA_SDK_CE6 (ARMV4I)
		{0276E6A7-2A96-4D9F-ACF8-038F7FBB2EBD}.Debug|MB2500 (ARMV4I).ActiveCfg = Debug|CHA_SDK_CE6 (ARMV4I)
		{0276E6A7-2A96-4D9F-ACF8-038F7FBB2EBD}.Debug|NH DOVE (ARMV4I).ActiveCfg = Debug|CHA_SDK_CE6 (ARMV4I)
		{0276E6A7-2A96-4D9F-ACF8-038F7FBB2EBD}.Debug|Win32.ActiveCfg = Debug|Win32
		{0276E6A7-2A96-4D9F-ACF8-038F7FBB2EBD}.Debug|Win32.Build.0 = Debug|Win32
		{0276E6A7-2A96-4D9F-ACF8-038F7FBB2EBD}.Release|CHA_SDK_CE6 (ARMV4I).ActiveCfg = Release|CHA_SDK_CE6 (ARMV4I)
		{0276E6A7-2A96-4D9F-ACF8-038F7FBB2EBD}.Release|CHA_SDK_CE6 (ARMV4I).Build.0 = Release|CHA_SDK_CE6 (ARMV4I)
		{0276E6A7-2A96-4D9F-ACF8-038F7FBB2EBD}.Release|CHA_SDK_CE6 (ARMV4I).Deploy.0 = Release|CHA_SDK_CE6 (ARMV4I)
		{0276E6A7-2A96-4D9F-ACF8-038F7FBB2EBD}.Release|MB2500 (ARMV4I).ActiveCfg = Release|CHA_SDK_CE6 (ARMV4I)
		{0276E6A7-2A96-4D9F-ACF8-038F7FBB2EBD}.Release|NH DOVE (ARMV4I).ActiveCfg = Release|CHA_SDK_CE6 (ARMV4I)
		{0276E6A7-2A96-4D9F-ACF8-038F7FBB2EBD}.Release|Win32.ActiveCfg = Release|Win32
		{0276E6A7-2A96-4D9F-ACF8-038F7FBB2EBD}.Release|Win32.Build.0 = Release|Win32
		{E0419CDF-755D-465F-9D3B-658A4F6D078E}.Debug - Update|CHA_SDK_CE6 (ARMV4I).ActiveCfg = Debug - Update|CHA_SDK_CE6 (ARMV4I)
		{E0419CDF-755D-465F-9D3B-658A4F6D078E}.Debug - Update|MB2500 (ARMV4I).ActiveCfg = Debug - Update|CHA_SDK_CE6 (ARMV4I)
		{E0419CDF-755D-465F-9D3B-658A4F6D078E}.Debug - Update|NH DOVE (ARMV4I).ActiveCfg = Debug - Update|CHA_SDK_CE6 (ARMV4I)
		{E0419CDF-755D-465F-9D3B-658A4F6D078E}.Debug - Update|Win32.ActiveCfg = Debug - Update|Win32
		{E0419CDF-755D-465F-9D3B-658A4F6D078E}.Debug - Update|Win32.Build.0 = Debug - Update|Win32
		{E0419CDF-755D-465F-9D3B-658A4F6D078E}.Debug|CHA_SDK_CE6 (ARMV4I).ActiveCfg = Debug|CHA_SDK_CE6 (ARMV4I)
		{E0419CDF-755D-465F-9D3B-658A4F6D078E}.Debug|CHA_SDK_CE6 (ARMV4I).Build.0 = Debug|CHA_SDK_CE6 (ARMV4I)
		{E0419CDF-755D-465F-9D3B-658A4F6D078E}.Debug|CHA_SDK_CE6 (ARMV4I).Deploy.0 = Debug|CHA_SDK_CE6 (ARMV4I)
		{E0419CDF-755D-465F-9D3B-658A4F6D078E}.Debug|MB2500 (ARMV4I).ActiveCfg = Debug|CHA_SDK_CE6 (ARMV4I)
		{E0419CDF-755D-465F-9D3B-658A4F6D078E}.Debug|NH DOVE (ARMV4I).ActiveCfg = Debug|CHA_SDK_CE6 (ARMV4I)
		{E0419CDF-755D-465F-9D3B-658A4F6D078E}.Debug|Win32.ActiveCfg = Debug|Win32
		{E0419CDF-755D-465F-9D3B-658A4F6D078E}.Release|CHA_SDK_CE6 (ARMV4I).ActiveCfg = Release|CHA_SDK_CE6 (ARMV4I)
		{E0419CDF-755D-465F-9D3B-658A4F6D078E}.Release|CHA_SDK_CE6 (ARMV4I).Build.0 = Release|CHA_SDK_CE6 (ARMV4I)
		{E0419CDF-755D-465F-9D3B-658A4F6D078E}.Release|CHA_SDK_CE6 (ARMV4I).Deploy.0 = Release|CHA_SDK_CE6 (ARMV4I)
		{E0419CDF-755D-465F-9D3B-658A4F6D078E}.Release|MB2500 (ARMV4I).ActiveCfg = Release|CHA_SDK_CE6 (ARMV4I)
		{E0419CDF-755D-465F-9D3B-658A4F6D078E}.Release|NH DOVE (ARMV4I).ActiveCfg = Release|CHA_SDK_CE6 (ARMV4I)
		{E0419CDF-755D-465F-9D3B-658A4F6D078E}.Release|Win32.ActiveCfg = Release|Win32
		{E0419CDF-755D-465F-9D3B-658A4F6D078E}.Release|Win32.Build.0 = Release|Win32
		{516DEC68-FF6E-436C-B041-ABED77FDFBAB}.Debug - Update|CHA_SDK_CE6 (ARMV4I).ActiveCfg = Debug - Update|CHA_SDK_CE6 (ARMV4I)
		{516DEC68-FF6E-436C-B041-ABED77FDFBAB}.Debug - Update|CHA_SDK_CE6 (ARMV4I).Build.0 = Debug - Update|CHA_SDK_CE6 (ARMV4I)
		{516DEC68-FF6E-436C-B041-ABED77FDFBAB}.Debug - Update|CHA_SDK_CE6 (ARMV4I).Deploy.0 = Debug - Update|CHA_SDK_CE6 (ARMV4I)
		{516DEC68-FF6E-436C-B041-ABED77FDFBAB}.Debug - Update|MB2500 (ARMV4I).ActiveCfg = Debug - Update|Win32
		{516DEC68-FF6E-436C-B041-ABED77FDFBAB}.Debug - Update|NH DOVE (ARMV4I).ActiveCfg = Debug - Update|Win32
		{516DEC68-FF6E-436C-B041-ABED77FDFBAB}.Debug - Update|Win32.ActiveCfg = Debug - Update|Win32
		{516DEC68-FF6E-436C-B041-ABED77FDFBAB}.Debug - Update|Win32.Build.0 = Debug - Update|Win32
		{516DEC68-FF6E-436C-B041-ABED77FDFBAB}.Debug|CHA_SDK_CE6 (ARMV4I).ActiveCfg = Debug|CHA_SDK_CE6 (ARMV4I)
		{516DEC68-FF6E-436C-B041-ABED77FDFBAB}.Debug|CHA_SDK_CE6 (ARMV4I).Build.0 = Debug|CHA_SDK_CE6 (ARMV4I)
		{516DEC68-FF6E-436C-B041-ABED77FDFBAB}.Debug|CHA_SDK_CE6 (ARMV4I).Deploy.0 = Debug|CHA_SDK_CE6 (ARMV4I)
		{516DEC68-FF6E-436C-B041-ABED77FDFBAB}.Debug|MB2500 (ARMV4I).ActiveCfg = Debug|CHA_SDK_CE6 (ARMV4I)
		{516DEC68-FF6E-436C-B041-ABED77FDFBAB}.Debug|NH DOVE (ARMV4I).ActiveCfg = Debug|CHA_SDK_CE6 (ARMV4I)
		{516DEC68-FF6E-436C-B041-ABED77FDFBAB}.Debug|Win32.ActiveCfg = Debug|Win32
		{516DEC68-FF6E-436C-B041-ABED77FDFBAB}.Debug|Win32.Build.0 = Debug|Win32
		{516DEC68-FF6E-436C-B041-ABED77FDFBAB}.Release|CHA_SDK_CE6 (ARMV4I).ActiveCfg = Release|CHA_SDK_CE6 (ARMV4I)
		{516DEC68-FF6E-436C-B041-ABED77FDFBAB}.Release|CHA_SDK_CE6 (ARMV4I).Build.0 = Release|CHA_SDK_CE6 (ARMV4I)
		{516DEC68-FF6E-436C-B041-ABED77FDFBAB}.Release|CHA_SDK_CE6 (ARMV4I).Deploy.0 = Release|CHA_SDK_CE6 (ARMV4I)
		{516DEC68-FF6E-436C-B041-ABED77FDFBAB}.Release|MB2500 (ARMV4I).ActiveCfg = Release|CHA_SDK_CE6 (ARMV4I)
		{516DEC68-FF6E-436C-B041-ABED77FDFBAB}.Release|NH DOVE (ARMV4I).ActiveCfg = Release|CHA_SDK_CE6 (ARMV4I)
		{516DEC68-FF6E-436C-B041-ABED77FDFBAB}.Release|Win32.ActiveCfg = Release|Win32
		{516DEC68-FF6E-436C-B041-ABED77FDFBAB}.Release|Win32.Build.0 = Release|Win32
		{64F4EB72-89FF-474F-910F-F6CCE88278D8}.Debug - Update|CHA_SDK_CE6 (ARMV4I).ActiveCfg = Debug|Win32
		{64F4EB72-89FF-474F-910F-F6CCE88278D8}.Debug - Update|MB2500 (ARMV4I).ActiveCfg = Debug|Win32
		{64F4EB72-89FF-474F-910F-F6CCE88278D8}.Debug - Update|NH DOVE (ARMV4I).ActiveCfg = Debug|Win32
		{64F4EB72-89FF-474F-910F-F6CCE88278D8}.Debug - Update|Win32.ActiveCfg = Debug|Win32
		{64F4EB72-89FF-474F-910F-F6CCE88278D8}.Debug - Update|Win32.Build.0 = Debug|Win32
		{64F4EB72-89FF-474F-910F-F6CCE88278D8}.Debug|CHA_SDK_CE6 (ARMV4I).ActiveCfg = Debug|Win32
		{64F4EB72-89FF-474F-910F-F6CCE88278D8}.Debug|MB2500 (ARMV4I).ActiveCfg = Debug|Win32
		{64F4EB72-89FF-474F-910F-F6CCE88278D8}.Debug|NH DOVE (ARMV4I).ActiveCfg = Debug|Win32
		{64F4EB72-89FF-474F-910F-F6CCE88278D8}.Debug|Win32.ActiveCfg = Debug|Win32
		{64F4EB72-89FF-474F-910F-F6CCE88278D8}.Debug|Win32.Build.0 = Debug|Win32
		{64F4EB72-89FF-474F-910F-F6CCE88278D8}.Release|CHA_SDK_CE6 (ARMV4I).ActiveCfg = Release|Win32
		{64F4EB72-89FF-474F-910F-F6CCE88278D8}.Release|MB2500 (ARMV4I).ActiveCfg = Release|Win32
		{64F4EB72-89FF-474F-910F-F6CCE88278D8}.Release|NH DOVE (ARMV4I).ActiveCfg = Release|Win32
		{64F4EB72-89FF-474F-910F-F6CCE88278D8}.Release|Win32.ActiveCfg = Release|Win32
	EndGlobalSection
	GlobalSection(SolutionProperties) = preSolution
		HideSolutionNode = FALSE
	EndGlobalSection
EndGlobal
