
Microsoft Visual Studio Solution File, Format Version 10.00
# Visual Studio 2008
Project("{8BC9CEB8-8B4A-11D0-8D11-00A0C91BC942}") = "MFS_EJL_WEC7", "MFS_EJL_WEC7\MFS_EJL_WEC7.vcproj", "{218FBA48-FC86-43D2-AC70-FCB06502195A}"
EndProject
Global
	GlobalSection(SolutionConfigurationPlatforms) = preSolution
		Debug|ICM_3011 (ARMv4I) = Debug|ICM_3011 (ARMv4I)
		Release|ICM_3011 (ARMv4I) = Release|ICM_3011 (ARMv4I)
	EndGlobalSection
	GlobalSection(ProjectConfigurationPlatforms) = postSolution
		{218FBA48-FC86-43D2-AC70-FCB06502195A}.Debug|ICM_3011 (ARMv4I).ActiveCfg = Debug|ICM_3011 (ARMv4I)
		{218FBA48-FC86-43D2-AC70-FCB06502195A}.Debug|ICM_3011 (ARMv4I).Build.0 = Debug|ICM_3011 (ARMv4I)
		{218FBA48-FC86-43D2-AC70-FCB06502195A}.Debug|ICM_3011 (ARMv4I).Deploy.0 = Debug|ICM_3011 (ARMv4I)
		{218FBA48-FC86-43D2-AC70-FCB06502195A}.Release|ICM_3011 (ARMv4I).ActiveCfg = Release|ICM_3011 (ARMv4I)
		{218FBA48-FC86-43D2-AC70-FCB06502195A}.Release|ICM_3011 (ARMv4I).Build.0 = Release|ICM_3011 (ARMv4I)
		{218FBA48-FC86-43D2-AC70-FCB06502195A}.Release|ICM_3011 (ARMv4I).Deploy.0 = Release|ICM_3011 (ARMv4I)
	EndGlobalSection
	GlobalSection(SolutionProperties) = preSolution
		HideSolutionNode = FALSE
	EndGlobalSection
EndGlobal
