
Microsoft Visual Studio Solution File, Format Version 10.00
# Visual Studio 2008
Project("{8BC9CEB8-8B4A-11D0-8D11-00A0C91BC942}") = "SoftwareUpdate", "SoftwareUpdate\SoftwareUpdate.vcproj", "{F7D56C09-0EE7-4AF6-A5B7-4CB4BE902EF0}"
	ProjectSection(ProjectDependencies) = postProject
		{86ECEB7C-76D5-4882-BA83-418B9500069C} = {86ECEB7C-76D5-4882-BA83-418B9500069C}
		{0D86D7EC-F8A3-4522-85AD-D31F2B3ABFA7} = {0D86D7EC-F8A3-4522-85AD-D31F2B3ABFA7}
	EndProjectSection
EndProject
Project("{8BC9CEB8-8B4A-11D0-8D11-00A0C91BC942}") = "EagleCE_Framework", "..\EagleCE_Framework\EagleCE_Framework\EagleCE_Framework.vcproj", "{0D86D7EC-F8A3-4522-85AD-D31F2B3ABFA7}"
EndProject
Project("{8BC9CEB8-8B4A-11D0-8D11-00A0C91BC942}") = "EagleCE_Screen", "..\EagleCE_Screen\EagleCE_Screen\EagleCE_Screen.vcproj", "{86ECEB7C-76D5-4882-BA83-418B9500069C}"
EndProject
Global
	GlobalSection(SolutionConfigurationPlatforms) = preSolution
		Debug|ICM_3011 (ARMv4I) = Debug|ICM_3011 (ARMv4I)
		Release|ICM_3011 (ARMv4I) = Release|ICM_3011 (ARMv4I)
	EndGlobalSection
	GlobalSection(ProjectConfigurationPlatforms) = postSolution
		{F7D56C09-0EE7-4AF6-A5B7-4CB4BE902EF0}.Debug|ICM_3011 (ARMv4I).ActiveCfg = Debug|ICM_3011 (ARMv4I)
		{F7D56C09-0EE7-4AF6-A5B7-4CB4BE902EF0}.Debug|ICM_3011 (ARMv4I).Build.0 = Debug|ICM_3011 (ARMv4I)
		{F7D56C09-0EE7-4AF6-A5B7-4CB4BE902EF0}.Debug|ICM_3011 (ARMv4I).Deploy.0 = Debug|ICM_3011 (ARMv4I)
		{F7D56C09-0EE7-4AF6-A5B7-4CB4BE902EF0}.Release|ICM_3011 (ARMv4I).ActiveCfg = Release|ICM_3011 (ARMv4I)
		{F7D56C09-0EE7-4AF6-A5B7-4CB4BE902EF0}.Release|ICM_3011 (ARMv4I).Build.0 = Release|ICM_3011 (ARMv4I)
		{F7D56C09-0EE7-4AF6-A5B7-4CB4BE902EF0}.Release|ICM_3011 (ARMv4I).Deploy.0 = Release|ICM_3011 (ARMv4I)
		{0D86D7EC-F8A3-4522-85AD-D31F2B3ABFA7}.Debug|ICM_3011 (ARMv4I).ActiveCfg = Debug|ICM_3011 (ARMv4I)
		{0D86D7EC-F8A3-4522-85AD-D31F2B3ABFA7}.Debug|ICM_3011 (ARMv4I).Build.0 = Debug|ICM_3011 (ARMv4I)
		{0D86D7EC-F8A3-4522-85AD-D31F2B3ABFA7}.Debug|ICM_3011 (ARMv4I).Deploy.0 = Debug|ICM_3011 (ARMv4I)
		{0D86D7EC-F8A3-4522-85AD-D31F2B3ABFA7}.Release|ICM_3011 (ARMv4I).ActiveCfg = Release|ICM_3011 (ARMv4I)
		{0D86D7EC-F8A3-4522-85AD-D31F2B3ABFA7}.Release|ICM_3011 (ARMv4I).Build.0 = Release|ICM_3011 (ARMv4I)
		{0D86D7EC-F8A3-4522-85AD-D31F2B3ABFA7}.Release|ICM_3011 (ARMv4I).Deploy.0 = Release|ICM_3011 (ARMv4I)
		{86ECEB7C-76D5-4882-BA83-418B9500069C}.Debug|ICM_3011 (ARMv4I).ActiveCfg = Debug|ICM_3011 (ARMv4I)
		{86ECEB7C-76D5-4882-BA83-418B9500069C}.Debug|ICM_3011 (ARMv4I).Build.0 = Debug|ICM_3011 (ARMv4I)
		{86ECEB7C-76D5-4882-BA83-418B9500069C}.Debug|ICM_3011 (ARMv4I).Deploy.0 = Debug|ICM_3011 (ARMv4I)
		{86ECEB7C-76D5-4882-BA83-418B9500069C}.Release|ICM_3011 (ARMv4I).ActiveCfg = Release|ICM_3011 (ARMv4I)
		{86ECEB7C-76D5-4882-BA83-418B9500069C}.Release|ICM_3011 (ARMv4I).Build.0 = Release|ICM_3011 (ARMv4I)
		{86ECEB7C-76D5-4882-BA83-418B9500069C}.Release|ICM_3011 (ARMv4I).Deploy.0 = Release|ICM_3011 (ARMv4I)
	EndGlobalSection
	GlobalSection(SolutionProperties) = preSolution
		HideSolutionNode = FALSE
	EndGlobalSection
EndGlobal
