
Microsoft Visual Studio Solution File, Format Version 10.00
# Visual Studio 2008
Project("{8BC9CEB8-8B4A-11D0-8D11-00A0C91BC942}") = "EagleCE_ATM", "EagleCE_ATM\EagleCE_ATM.vcproj", "{6C8417ED-11B3-4935-86A3-D2EEFDA5042F}"
	ProjectSection(ProjectDependencies) = postProject
		{5F6DA104-2AFE-4C1D-9C2D-22626269F77A} = {5F6DA104-2AFE-4C1D-9C2D-22626269F77A}
		{F7D56C09-0EE7-4AF6-A5B7-4CB4BE902EF0} = {F7D56C09-0EE7-4AF6-A5B7-4CB4BE902EF0}
		{86ECEB7C-76D5-4882-BA83-418B9500069C} = {86ECEB7C-76D5-4882-BA83-418B9500069C}
		{BD9C7892-B6B9-4E61-B90E-2F353FB7E688} = {BD9C7892-B6B9-4E61-B90E-2F353FB7E688}
		{2C2FD2C0-4FD8-4AF8-BEA5-7D400C0ABF55} = {2C2FD2C0-4FD8-4AF8-BEA5-7D400C0ABF55}
		{218FBA48-FC86-43D2-AC70-FCB06502195A} = {218FBA48-FC86-43D2-AC70-FCB06502195A}
	EndProjectSection
EndProject
Project("{8BC9CEB8-8B4A-11D0-8D11-00A0C91BC942}") = "EagleCE_Framework", "..\EagleCE_Framework\EagleCE_Framework\EagleCE_Framework.vcproj", "{0D86D7EC-F8A3-4522-85AD-D31F2B3ABFA7}"
EndProject
Project("{8BC9CEB8-8B4A-11D0-8D11-00A0C91BC942}") = "EagleCE_Device", "..\EagleCE_Device\EagleCE_Device\EagleCE_Device.vcproj", "{2C2FD2C0-4FD8-4AF8-BEA5-7D400C0ABF55}"
	ProjectSection(ProjectDependencies) = postProject
		{3FC57844-5745-40D5-B48D-CFC51EC10E1F} = {3FC57844-5745-40D5-B48D-CFC51EC10E1F}
		{0D86D7EC-F8A3-4522-85AD-D31F2B3ABFA7} = {0D86D7EC-F8A3-4522-85AD-D31F2B3ABFA7}
	EndProjectSection
EndProject
Project("{8BC9CEB8-8B4A-11D0-8D11-00A0C91BC942}") = "EagleCE_Host", "..\EagleCE_Host\EagleCE_Host\EagleCE_Host.vcproj", "{3FC57844-5745-40D5-B48D-CFC51EC10E1F}"
	ProjectSection(ProjectDependencies) = postProject
		{0D86D7EC-F8A3-4522-85AD-D31F2B3ABFA7} = {0D86D7EC-F8A3-4522-85AD-D31F2B3ABFA7}
	EndProjectSection
EndProject
Project("{8BC9CEB8-8B4A-11D0-8D11-00A0C91BC942}") = "EagleCE_Screen", "..\EagleCE_Screen\EagleCE_Screen\EagleCE_Screen.vcproj", "{86ECEB7C-76D5-4882-BA83-418B9500069C}"
EndProject
Project("{8BC9CEB8-8B4A-11D0-8D11-00A0C91BC942}") = "Terminate_EagleCE", "..\Terminate_EagleCE\Terminate_EagleCE\Terminate_EagleCE.vcproj", "{BD9C7892-B6B9-4E61-B90E-2F353FB7E688}"
	ProjectSection(ProjectDependencies) = postProject
		{0D86D7EC-F8A3-4522-85AD-D31F2B3ABFA7} = {0D86D7EC-F8A3-4522-85AD-D31F2B3ABFA7}
	EndProjectSection
EndProject
Project("{8BC9CEB8-8B4A-11D0-8D11-00A0C91BC942}") = "SoftwareUpdate", "..\SoftwareUpdate\SoftwareUpdate\SoftwareUpdate.vcproj", "{F7D56C09-0EE7-4AF6-A5B7-4CB4BE902EF0}"
	ProjectSection(ProjectDependencies) = postProject
		{86ECEB7C-76D5-4882-BA83-418B9500069C} = {86ECEB7C-76D5-4882-BA83-418B9500069C}
		{0D86D7EC-F8A3-4522-85AD-D31F2B3ABFA7} = {0D86D7EC-F8A3-4522-85AD-D31F2B3ABFA7}
	EndProjectSection
EndProject
Project("{8BC9CEB8-8B4A-11D0-8D11-00A0C91BC942}") = "SW_Monitor", "..\SW_Monitor\SW_Monitor\SW_Monitor.vcproj", "{5F6DA104-2AFE-4C1D-9C2D-22626269F77A}"
EndProject
Project("{8BC9CEB8-8B4A-11D0-8D11-00A0C91BC942}") = "MFS_EJL_WEC7", "..\DLL_SRC\MFS_EJL_WEC7\MFS_EJL_WEC7\MFS_EJL_WEC7.vcproj", "{218FBA48-FC86-43D2-AC70-FCB06502195A}"
EndProject
Global
	GlobalSection(SolutionConfigurationPlatforms) = preSolution
		Debug|ICM_3011 (ARMv4I) = Debug|ICM_3011 (ARMv4I)
		Release|ICM_3011 (ARMv4I) = Release|ICM_3011 (ARMv4I)
		Debug|Win32 = Debug|Win32
		Release|Win32 = Release|Win32
	EndGlobalSection
	GlobalSection(ProjectConfigurationPlatforms) = postSolution
		{6C8417ED-11B3-4935-86A3-D2EEFDA5042F}.Debug|ICM_3011 (ARMv4I).ActiveCfg = Debug|ICM_3011 (ARMv4I)
		{6C8417ED-11B3-4935-86A3-D2EEFDA5042F}.Debug|ICM_3011 (ARMv4I).Build.0 = Debug|ICM_3011 (ARMv4I)
		{6C8417ED-11B3-4935-86A3-D2EEFDA5042F}.Debug|ICM_3011 (ARMv4I).Deploy.0 = Debug|ICM_3011 (ARMv4I)
		{6C8417ED-11B3-4935-86A3-D2EEFDA5042F}.Release|ICM_3011 (ARMv4I).ActiveCfg = Release|ICM_3011 (ARMv4I)
		{6C8417ED-11B3-4935-86A3-D2EEFDA5042F}.Release|ICM_3011 (ARMv4I).Build.0 = Release|ICM_3011 (ARMv4I)
		{6C8417ED-11B3-4935-86A3-D2EEFDA5042F}.Release|ICM_3011 (ARMv4I).Deploy.0 = Release|ICM_3011 (ARMv4I)
		{0D86D7EC-F8A3-4522-85AD-D31F2B3ABFA7}.Debug|ICM_3011 (ARMv4I).ActiveCfg = Debug|ICM_3011 (ARMv4I)
		{0D86D7EC-F8A3-4522-85AD-D31F2B3ABFA7}.Debug|ICM_3011 (ARMv4I).Build.0 = Debug|ICM_3011 (ARMv4I)
		{0D86D7EC-F8A3-4522-85AD-D31F2B3ABFA7}.Debug|ICM_3011 (ARMv4I).Deploy.0 = Debug|ICM_3011 (ARMv4I)
		{0D86D7EC-F8A3-4522-85AD-D31F2B3ABFA7}.Release|ICM_3011 (ARMv4I).ActiveCfg = Release|ICM_3011 (ARMv4I)
		{0D86D7EC-F8A3-4522-85AD-D31F2B3ABFA7}.Release|ICM_3011 (ARMv4I).Build.0 = Release|ICM_3011 (ARMv4I)
		{0D86D7EC-F8A3-4522-85AD-D31F2B3ABFA7}.Release|ICM_3011 (ARMv4I).Deploy.0 = Release|ICM_3011 (ARMv4I)
		{2C2FD2C0-4FD8-4AF8-BEA5-7D400C0ABF55}.Debug|ICM_3011 (ARMv4I).ActiveCfg = Debug|ICM_3011 (ARMv4I)
		{2C2FD2C0-4FD8-4AF8-BEA5-7D400C0ABF55}.Debug|ICM_3011 (ARMv4I).Build.0 = Debug|ICM_3011 (ARMv4I)
		{2C2FD2C0-4FD8-4AF8-BEA5-7D400C0ABF55}.Debug|ICM_3011 (ARMv4I).Deploy.0 = Debug|ICM_3011 (ARMv4I)
		{2C2FD2C0-4FD8-4AF8-BEA5-7D400C0ABF55}.Release|ICM_3011 (ARMv4I).ActiveCfg = Release|ICM_3011 (ARMv4I)
		{2C2FD2C0-4FD8-4AF8-BEA5-7D400C0ABF55}.Release|ICM_3011 (ARMv4I).Build.0 = Release|ICM_3011 (ARMv4I)
		{2C2FD2C0-4FD8-4AF8-BEA5-7D400C0ABF55}.Release|ICM_3011 (ARMv4I).Deploy.0 = Release|ICM_3011 (ARMv4I)
		{3FC57844-5745-40D5-B48D-CFC51EC10E1F}.Debug|ICM_3011 (ARMv4I).ActiveCfg = Debug|ICM_3011 (ARMv4I)
		{3FC57844-5745-40D5-B48D-CFC51EC10E1F}.Debug|ICM_3011 (ARMv4I).Build.0 = Debug|ICM_3011 (ARMv4I)
		{3FC57844-5745-40D5-B48D-CFC51EC10E1F}.Debug|ICM_3011 (ARMv4I).Deploy.0 = Debug|ICM_3011 (ARMv4I)
		{3FC57844-5745-40D5-B48D-CFC51EC10E1F}.Release|ICM_3011 (ARMv4I).ActiveCfg = Release|ICM_3011 (ARMv4I)
		{3FC57844-5745-40D5-B48D-CFC51EC10E1F}.Release|ICM_3011 (ARMv4I).Build.0 = Release|ICM_3011 (ARMv4I)
		{3FC57844-5745-40D5-B48D-CFC51EC10E1F}.Release|ICM_3011 (ARMv4I).Deploy.0 = Release|ICM_3011 (ARMv4I)
		{86ECEB7C-76D5-4882-BA83-418B9500069C}.Debug|ICM_3011 (ARMv4I).ActiveCfg = Debug|ICM_3011 (ARMv4I)
		{86ECEB7C-76D5-4882-BA83-418B9500069C}.Debug|ICM_3011 (ARMv4I).Build.0 = Debug|ICM_3011 (ARMv4I)
		{86ECEB7C-76D5-4882-BA83-418B9500069C}.Debug|ICM_3011 (ARMv4I).Deploy.0 = Debug|ICM_3011 (ARMv4I)
		{86ECEB7C-76D5-4882-BA83-418B9500069C}.Release|ICM_3011 (ARMv4I).ActiveCfg = Release|ICM_3011 (ARMv4I)
		{86ECEB7C-76D5-4882-BA83-418B9500069C}.Release|ICM_3011 (ARMv4I).Build.0 = Release|ICM_3011 (ARMv4I)
		{86ECEB7C-76D5-4882-BA83-418B9500069C}.Release|ICM_3011 (ARMv4I).Deploy.0 = Release|ICM_3011 (ARMv4I)
		{BD9C7892-B6B9-4E61-B90E-2F353FB7E688}.Debug|ICM_3011 (ARMv4I).ActiveCfg = Debug|ICM_3011 (ARMv4I)
		{BD9C7892-B6B9-4E61-B90E-2F353FB7E688}.Debug|ICM_3011 (ARMv4I).Build.0 = Debug|ICM_3011 (ARMv4I)
		{BD9C7892-B6B9-4E61-B90E-2F353FB7E688}.Debug|ICM_3011 (ARMv4I).Deploy.0 = Debug|ICM_3011 (ARMv4I)
		{BD9C7892-B6B9-4E61-B90E-2F353FB7E688}.Release|ICM_3011 (ARMv4I).ActiveCfg = Release|ICM_3011 (ARMv4I)
		{BD9C7892-B6B9-4E61-B90E-2F353FB7E688}.Release|ICM_3011 (ARMv4I).Build.0 = Release|ICM_3011 (ARMv4I)
		{BD9C7892-B6B9-4E61-B90E-2F353FB7E688}.Release|ICM_3011 (ARMv4I).Deploy.0 = Release|ICM_3011 (ARMv4I)
		{F7D56C09-0EE7-4AF6-A5B7-4CB4BE902EF0}.Debug|ICM_3011 (ARMv4I).ActiveCfg = Debug|ICM_3011 (ARMv4I)
		{F7D56C09-0EE7-4AF6-A5B7-4CB4BE902EF0}.Debug|ICM_3011 (ARMv4I).Build.0 = Debug|ICM_3011 (ARMv4I)
		{F7D56C09-0EE7-4AF6-A5B7-4CB4BE902EF0}.Debug|ICM_3011 (ARMv4I).Deploy.0 = Debug|ICM_3011 (ARMv4I)
		{F7D56C09-0EE7-4AF6-A5B7-4CB4BE902EF0}.Release|ICM_3011 (ARMv4I).ActiveCfg = Release|ICM_3011 (ARMv4I)
		{F7D56C09-0EE7-4AF6-A5B7-4CB4BE902EF0}.Release|ICM_3011 (ARMv4I).Build.0 = Release|ICM_3011 (ARMv4I)
		{F7D56C09-0EE7-4AF6-A5B7-4CB4BE902EF0}.Release|ICM_3011 (ARMv4I).Deploy.0 = Release|ICM_3011 (ARMv4I)
		{5F6DA104-2AFE-4C1D-9C2D-22626269F77A}.Debug|ICM_3011 (ARMv4I).ActiveCfg = Debug|ICM_3011 (ARMv4I)
		{5F6DA104-2AFE-4C1D-9C2D-22626269F77A}.Debug|ICM_3011 (ARMv4I).Build.0 = Debug|ICM_3011 (ARMv4I)
		{5F6DA104-2AFE-4C1D-9C2D-22626269F77A}.Debug|ICM_3011 (ARMv4I).Deploy.0 = Debug|ICM_3011 (ARMv4I)
		{5F6DA104-2AFE-4C1D-9C2D-22626269F77A}.Release|ICM_3011 (ARMv4I).ActiveCfg = Release|ICM_3011 (ARMv4I)
		{5F6DA104-2AFE-4C1D-9C2D-22626269F77A}.Release|ICM_3011 (ARMv4I).Build.0 = Release|ICM_3011 (ARMv4I)
		{5F6DA104-2AFE-4C1D-9C2D-22626269F77A}.Release|ICM_3011 (ARMv4I).Deploy.0 = Release|ICM_3011 (ARMv4I)
		{6C8417ED-11B3-4935-86A3-D2EEFDA5042F}.Debug|Win32.ActiveCfg = Debug|Win32
		{6C8417ED-11B3-4935-86A3-D2EEFDA5042F}.Debug|Win32.Build.0 = Debug|Win32
		{6C8417ED-11B3-4935-86A3-D2EEFDA5042F}.Release|Win32.ActiveCfg = Release|Win32
		{6C8417ED-11B3-4935-86A3-D2EEFDA5042F}.Release|Win32.Build.0 = Release|Win32
		{0D86D7EC-F8A3-4522-85AD-D31F2B3ABFA7}.Debug|Win32.ActiveCfg = Debug|Win32
		{0D86D7EC-F8A3-4522-85AD-D31F2B3ABFA7}.Debug|Win32.Build.0 = Debug|Win32
		{0D86D7EC-F8A3-4522-85AD-D31F2B3ABFA7}.Release|Win32.ActiveCfg = Release|Win32
		{0D86D7EC-F8A3-4522-85AD-D31F2B3ABFA7}.Release|Win32.Build.0 = Release|Win32
		{2C2FD2C0-4FD8-4AF8-BEA5-7D400C0ABF55}.Debug|Win32.ActiveCfg = Debug|Win32
		{2C2FD2C0-4FD8-4AF8-BEA5-7D400C0ABF55}.Debug|Win32.Build.0 = Debug|Win32
		{2C2FD2C0-4FD8-4AF8-BEA5-7D400C0ABF55}.Release|Win32.ActiveCfg = Release|Win32
		{2C2FD2C0-4FD8-4AF8-BEA5-7D400C0ABF55}.Release|Win32.Build.0 = Release|Win32
		{3FC57844-5745-40D5-B48D-CFC51EC10E1F}.Debug|Win32.ActiveCfg = Debug|Win32
		{3FC57844-5745-40D5-B48D-CFC51EC10E1F}.Debug|Win32.Build.0 = Debug|Win32
		{3FC57844-5745-40D5-B48D-CFC51EC10E1F}.Release|Win32.ActiveCfg = Release|Win32
		{3FC57844-5745-40D5-B48D-CFC51EC10E1F}.Release|Win32.Build.0 = Release|Win32
		{86ECEB7C-76D5-4882-BA83-418B9500069C}.Debug|Win32.ActiveCfg = Debug|Win32
		{86ECEB7C-76D5-4882-BA83-418B9500069C}.Debug|Win32.Build.0 = Debug|Win32
		{86ECEB7C-76D5-4882-BA83-418B9500069C}.Release|Win32.ActiveCfg = Release|Win32
		{86ECEB7C-76D5-4882-BA83-418B9500069C}.Release|Win32.Build.0 = Release|Win32
		{BD9C7892-B6B9-4E61-B90E-2F353FB7E688}.Debug|Win32.ActiveCfg = Debug|Win32
		{BD9C7892-B6B9-4E61-B90E-2F353FB7E688}.Release|Win32.ActiveCfg = Release|Win32
		{F7D56C09-0EE7-4AF6-A5B7-4CB4BE902EF0}.Debug|Win32.ActiveCfg = Debug|Win32
		{F7D56C09-0EE7-4AF6-A5B7-4CB4BE902EF0}.Release|Win32.ActiveCfg = Release|Win32
		{5F6DA104-2AFE-4C1D-9C2D-22626269F77A}.Debug|Win32.ActiveCfg = Debug|Win32
		{5F6DA104-2AFE-4C1D-9C2D-22626269F77A}.Release|Win32.ActiveCfg = Release|Win32
		{218FBA48-FC86-43D2-AC70-FCB06502195A}.Debug|ICM_3011 (ARMv4I).ActiveCfg = Debug|ICM_3011 (ARMv4I)
		{218FBA48-FC86-43D2-AC70-FCB06502195A}.Debug|ICM_3011 (ARMv4I).Build.0 = Debug|ICM_3011 (ARMv4I)
		{218FBA48-FC86-43D2-AC70-FCB06502195A}.Release|ICM_3011 (ARMv4I).ActiveCfg = Release|ICM_3011 (ARMv4I)
		{218FBA48-FC86-43D2-AC70-FCB06502195A}.Release|ICM_3011 (ARMv4I).Build.0 = Release|ICM_3011 (ARMv4I)
		{218FBA48-FC86-43D2-AC70-FCB06502195A}.Debug|Win32.ActiveCfg = Debug|Win32
		{218FBA48-FC86-43D2-AC70-FCB06502195A}.Debug|Win32.Build.0 = Debug|Win32
		{218FBA48-FC86-43D2-AC70-FCB06502195A}.Release|Win32.ActiveCfg = Release|Win32
		{218FBA48-FC86-43D2-AC70-FCB06502195A}.Release|Win32.Build.0 = Release|Win32
	EndGlobalSection
	GlobalSection(SolutionProperties) = preSolution
		HideSolutionNode = FALSE
	EndGlobalSection
EndGlobal
