
Microsoft Visual Studio Solution File, Format Version 10.00
# Visual Studio 2008
Project("{8BC9CEB8-8B4A-11D0-8D11-00A0C91BC942}") = "TestCEDLL", "TestCEDLL\TestCEDLL.vcproj", "{E59EF2E4-06EF-46FF-8E63-2E6C7F1E097E}"
	ProjectSection(ProjectDependencies) = postProject
		{EDD435B8-AF84-41B0-90F8-30EE8531F9A0} = {EDD435B8-AF84-41B0-90F8-30EE8531F9A0}
	EndProjectSection
EndProject
Project("{8BC9CEB8-8B4A-11D0-8D11-00A0C91BC942}") = "MFSEPPDLL4CE", "..\MFSEPPDLL4CE\MFSEPPDLL4CE\MFSEPPDLL4CE.vcproj", "{EDD435B8-AF84-41B0-90F8-30EE8531F9A0}"
EndProject
Global
	GlobalSection(SolutionConfigurationPlatforms) = preSolution
		Debug|ICM_3011 (ARMv4I) = Debug|ICM_3011 (ARMv4I)
		Debug|Pocket PC 2003 (ARMV4) = Debug|Pocket PC 2003 (ARMV4)
		Debug|Windows Mobile 6 Professional SDK (ARMV4I) = Debug|Windows Mobile 6 Professional SDK (ARMV4I)
		Release|ICM_3011 (ARMv4I) = Release|ICM_3011 (ARMv4I)
		Release|Pocket PC 2003 (ARMV4) = Release|Pocket PC 2003 (ARMV4)
		Release|Windows Mobile 6 Professional SDK (ARMV4I) = Release|Windows Mobile 6 Professional SDK (ARMV4I)
	EndGlobalSection
	GlobalSection(ProjectConfigurationPlatforms) = postSolution
		{E59EF2E4-06EF-46FF-8E63-2E6C7F1E097E}.Debug|ICM_3011 (ARMv4I).ActiveCfg = Debug|ICM_3011 (ARMv4I)
		{E59EF2E4-06EF-46FF-8E63-2E6C7F1E097E}.Debug|ICM_3011 (ARMv4I).Build.0 = Debug|ICM_3011 (ARMv4I)
		{E59EF2E4-06EF-46FF-8E63-2E6C7F1E097E}.Debug|ICM_3011 (ARMv4I).Deploy.0 = Debug|ICM_3011 (ARMv4I)
		{E59EF2E4-06EF-46FF-8E63-2E6C7F1E097E}.Debug|Pocket PC 2003 (ARMV4).ActiveCfg = Debug|Pocket PC 2003 (ARMV4)
		{E59EF2E4-06EF-46FF-8E63-2E6C7F1E097E}.Debug|Pocket PC 2003 (ARMV4).Build.0 = Debug|Pocket PC 2003 (ARMV4)
		{E59EF2E4-06EF-46FF-8E63-2E6C7F1E097E}.Debug|Pocket PC 2003 (ARMV4).Deploy.0 = Debug|Pocket PC 2003 (ARMV4)
		{E59EF2E4-06EF-46FF-8E63-2E6C7F1E097E}.Debug|Windows Mobile 6 Professional SDK (ARMV4I).ActiveCfg = Debug|ICM_3011 (ARMv4I)
		{E59EF2E4-06EF-46FF-8E63-2E6C7F1E097E}.Release|ICM_3011 (ARMv4I).ActiveCfg = Release|ICM_3011 (ARMv4I)
		{E59EF2E4-06EF-46FF-8E63-2E6C7F1E097E}.Release|ICM_3011 (ARMv4I).Build.0 = Release|ICM_3011 (ARMv4I)
		{E59EF2E4-06EF-46FF-8E63-2E6C7F1E097E}.Release|ICM_3011 (ARMv4I).Deploy.0 = Release|ICM_3011 (ARMv4I)
		{E59EF2E4-06EF-46FF-8E63-2E6C7F1E097E}.Release|Pocket PC 2003 (ARMV4).ActiveCfg = Release|Pocket PC 2003 (ARMV4)
		{E59EF2E4-06EF-46FF-8E63-2E6C7F1E097E}.Release|Pocket PC 2003 (ARMV4).Build.0 = Release|Pocket PC 2003 (ARMV4)
		{E59EF2E4-06EF-46FF-8E63-2E6C7F1E097E}.Release|Pocket PC 2003 (ARMV4).Deploy.0 = Release|Pocket PC 2003 (ARMV4)
		{E59EF2E4-06EF-46FF-8E63-2E6C7F1E097E}.Release|Windows Mobile 6 Professional SDK (ARMV4I).ActiveCfg = Release|ICM_3011 (ARMv4I)
		{EDD435B8-AF84-41B0-90F8-30EE8531F9A0}.Debug|ICM_3011 (ARMv4I).ActiveCfg = Debug|ICM_3011 (ARMv4I)
		{EDD435B8-AF84-41B0-90F8-30EE8531F9A0}.Debug|ICM_3011 (ARMv4I).Build.0 = Debug|ICM_3011 (ARMv4I)
		{EDD435B8-AF84-41B0-90F8-30EE8531F9A0}.Debug|ICM_3011 (ARMv4I).Deploy.0 = Debug|ICM_3011 (ARMv4I)
		{EDD435B8-AF84-41B0-90F8-30EE8531F9A0}.Debug|Pocket PC 2003 (ARMV4).ActiveCfg = Debug|Pocket PC 2003 (ARMV4)
		{EDD435B8-AF84-41B0-90F8-30EE8531F9A0}.Debug|Pocket PC 2003 (ARMV4).Build.0 = Debug|Pocket PC 2003 (ARMV4)
		{EDD435B8-AF84-41B0-90F8-30EE8531F9A0}.Debug|Pocket PC 2003 (ARMV4).Deploy.0 = Debug|Pocket PC 2003 (ARMV4)
		{EDD435B8-AF84-41B0-90F8-30EE8531F9A0}.Debug|Windows Mobile 6 Professional SDK (ARMV4I).ActiveCfg = Debug|ICM_3011 (ARMv4I)
		{EDD435B8-AF84-41B0-90F8-30EE8531F9A0}.Release|ICM_3011 (ARMv4I).ActiveCfg = Release|ICM_3011 (ARMv4I)
		{EDD435B8-AF84-41B0-90F8-30EE8531F9A0}.Release|ICM_3011 (ARMv4I).Build.0 = Release|ICM_3011 (ARMv4I)
		{EDD435B8-AF84-41B0-90F8-30EE8531F9A0}.Release|ICM_3011 (ARMv4I).Deploy.0 = Release|ICM_3011 (ARMv4I)
		{EDD435B8-AF84-41B0-90F8-30EE8531F9A0}.Release|Pocket PC 2003 (ARMV4).ActiveCfg = Release|Pocket PC 2003 (ARMV4)
		{EDD435B8-AF84-41B0-90F8-30EE8531F9A0}.Release|Pocket PC 2003 (ARMV4).Build.0 = Release|Pocket PC 2003 (ARMV4)
		{EDD435B8-AF84-41B0-90F8-30EE8531F9A0}.Release|Pocket PC 2003 (ARMV4).Deploy.0 = Release|Pocket PC 2003 (ARMV4)
		{EDD435B8-AF84-41B0-90F8-30EE8531F9A0}.Release|Windows Mobile 6 Professional SDK (ARMV4I).ActiveCfg = Release|ICM_3011 (ARMv4I)
	EndGlobalSection
	GlobalSection(SolutionProperties) = preSolution
		HideSolutionNode = FALSE
	EndGlobalSection
EndGlobal
