
Microsoft Visual Studio Solution File, Format Version 9.00
# Visual Studio 2005
Project("{8BC9CEB8-8B4A-11D0-8D11-00A0C91BC942}") = "FlashViewer", "FlashViewer.vcproj", "{3FA15127-2D39-4991-9247-F9274E5082F9}"
	ProjectSection(ProjectDependencies) = postProject
		{6F3E7916-5958-4486-858F-058CFD236CB8} = {6F3E7916-5958-4486-858F-058CFD236CB8}
	EndProjectSection
EndProject
Project("{8BC9CEB8-8B4A-11D0-8D11-00A0C91BC942}") = "ScrCtrl", "..\Dll\ScrCtrl\ScrCtrl_ITM.vcproj", "{6F3E7916-5958-4486-858F-058CFD236CB8}"
EndProject
Global
	GlobalSection(SolutionConfigurationPlatforms) = preSolution
		Debug|CHA_SDK_CE6 (ARMV4I) = Debug|CHA_SDK_CE6 (ARMV4I)
		Release|CHA_SDK_CE6 (ARMV4I) = Release|CHA_SDK_CE6 (ARMV4I)
	EndGlobalSection
	GlobalSection(ProjectConfigurationPlatforms) = postSolution
		{3FA15127-2D39-4991-9247-F9274E5082F9}.Debug|CHA_SDK_CE6 (ARMV4I).ActiveCfg = Debug|CHA_SDK_CE6 (ARMV4I)
		{3FA15127-2D39-4991-9247-F9274E5082F9}.Debug|CHA_SDK_CE6 (ARMV4I).Build.0 = Debug|CHA_SDK_CE6 (ARMV4I)
		{3FA15127-2D39-4991-9247-F9274E5082F9}.Debug|CHA_SDK_CE6 (ARMV4I).Deploy.0 = Debug|CHA_SDK_CE6 (ARMV4I)
		{3FA15127-2D39-4991-9247-F9274E5082F9}.Release|CHA_SDK_CE6 (ARMV4I).ActiveCfg = Release|CHA_SDK_CE6 (ARMV4I)
		{3FA15127-2D39-4991-9247-F9274E5082F9}.Release|CHA_SDK_CE6 (ARMV4I).Build.0 = Release|CHA_SDK_CE6 (ARMV4I)
		{3FA15127-2D39-4991-9247-F9274E5082F9}.Release|CHA_SDK_CE6 (ARMV4I).Deploy.0 = Release|CHA_SDK_CE6 (ARMV4I)
		{6F3E7916-5958-4486-858F-058CFD236CB8}.Debug|CHA_SDK_CE6 (ARMV4I).ActiveCfg = Debug|CHA_SDK_CE6 (ARMV4I)
		{6F3E7916-5958-4486-858F-058CFD236CB8}.Debug|CHA_SDK_CE6 (ARMV4I).Build.0 = Debug|CHA_SDK_CE6 (ARMV4I)
		{6F3E7916-5958-4486-858F-058CFD236CB8}.Debug|CHA_SDK_CE6 (ARMV4I).Deploy.0 = Debug|CHA_SDK_CE6 (ARMV4I)
		{6F3E7916-5958-4486-858F-058CFD236CB8}.Release|CHA_SDK_CE6 (ARMV4I).ActiveCfg = Release|CHA_SDK_CE6 (ARMV4I)
		{6F3E7916-5958-4486-858F-058CFD236CB8}.Release|CHA_SDK_CE6 (ARMV4I).Build.0 = Release|CHA_SDK_CE6 (ARMV4I)
		{6F3E7916-5958-4486-858F-058CFD236CB8}.Release|CHA_SDK_CE6 (ARMV4I).Deploy.0 = Release|CHA_SDK_CE6 (ARMV4I)
	EndGlobalSection
	GlobalSection(SolutionProperties) = preSolution
		HideSolutionNode = FALSE
	EndGlobalSection
EndGlobal
